
Microsoft Visual Studio Solution File, Format Version 12.00
# Visual Studio Version 17
VisualStudioVersion = 17.2.32505.173
MinimumVisualStudioVersion = 10.0.40219.1
Project("{FAE04EC0-301F-11D3-BF4B-00C04F79EFBC}") = "InventarioFarmacia", "InventarioFarmacia\InventarioFarmacia.csproj", "{E794F026-A859-405F-AADF-AD3372BBCD3C}"
EndProject
Global
	GlobalSection(SolutionConfigurationPlatforms) = preSolution
		Debug|Any CPU = Debug|Any CPU
		Release|Any CPU = Release|Any CPU
	EndGlobalSection
	GlobalSection(ProjectConfigurationPlatforms) = postSolution
		{E794F026-A859-405F-AADF-AD3372BBCD3C}.Debug|Any CPU.ActiveCfg = Debug|Any CPU
		{E794F026-A859-405F-AADF-AD3372BBCD3C}.Debug|Any CPU.Build.0 = Debug|Any CPU
		{E794F026-A859-405F-AADF-AD3372BBCD3C}.Release|Any CPU.ActiveCfg = Release|Any CPU
		{E794F026-A859-405F-AADF-AD3372BBCD3C}.Release|Any CPU.Build.0 = Release|Any CPU
	EndGlobalSection
	GlobalSection(SolutionProperties) = preSolution
		HideSolutionNode = FALSE
	EndGlobalSection
	GlobalSection(ExtensibilityGlobals) = postSolution
		SolutionGuid = {6F520979-8DBD-47D4-974E-F705EF1AD824}
	EndGlobalSection
EndGlobal
